
Microsoft Visual Studio Solution File, Format Version 12.00
# Visual Studio Version 17
VisualStudioVersion = 17.6.33815.320
MinimumVisualStudioVersion = 10.0.40219.1
Project("{888888A0-9F3D-457C-B088-3A5042F75D52}") = "MyHelper", "MyHelper\MyHelper.pyproj", "{E32D7FC7-2167-4EB8-8C8C-E22714D8172A}"
EndProject
Global
	GlobalSection(SolutionConfigurationPlatforms) = preSolution
		Debug|Any CPU = Debug|Any CPU
		Release|Any CPU = Release|Any CPU
	EndGlobalSection
	GlobalSection(ProjectConfigurationPlatforms) = postSolution
		{E32D7FC7-2167-4EB8-8C8C-E22714D8172A}.Debug|Any CPU.ActiveCfg = Debug|Any CPU
		{E32D7FC7-2167-4EB8-8C8C-E22714D8172A}.Release|Any CPU.ActiveCfg = Release|Any CPU
	EndGlobalSection
	GlobalSection(SolutionProperties) = preSolution
		HideSolutionNode = FALSE
	EndGlobalSection
	GlobalSection(ExtensibilityGlobals) = postSolution
		SolutionGuid = {32C7FC38-7BDD-4C33-8374-8BFCC0CCA472}
	EndGlobalSection
EndGlobal
